
Microsoft Visual Studio Solution File, Format Version 12.00
Project("{FAE04EC0-301F-11D3-BF4B-00C04F79EFBC}") = "cw7", "cw7\cw7.csproj", "{86243BE9-BE8B-429A-959D-E124A833267B}"
EndProject
Global
	GlobalSection(SolutionConfigurationPlatforms) = preSolution
		Debug|Any CPU = Debug|Any CPU
		Release|Any CPU = Release|Any CPU
	EndGlobalSection
	GlobalSection(ProjectConfigurationPlatforms) = postSolution
		{86243BE9-BE8B-429A-959D-E124A833267B}.Debug|Any CPU.ActiveCfg = Debug|Any CPU
		{86243BE9-BE8B-429A-959D-E124A833267B}.Debug|Any CPU.Build.0 = Debug|Any CPU
		{86243BE9-BE8B-429A-959D-E124A833267B}.Release|Any CPU.ActiveCfg = Release|Any CPU
		{86243BE9-BE8B-429A-959D-E124A833267B}.Release|Any CPU.Build.0 = Release|Any CPU
	EndGlobalSection
EndGlobal
